
Microsoft Visual Studio Solution File, Format Version 12.00
# Visual Studio Version 17
VisualStudioVersion = 17.7.34221.43
MinimumVisualStudioVersion = 10.0.40219.1
Project("{9A19103F-16F7-4668-BE54-9A1E7A4F7556}") = "HelloWorld", "HelloWorld\HelloWorld.csproj", "{F662EAC4-829A-4B00-9ACC-1FEC2859266E}"
EndProject
Project("{9A19103F-16F7-4668-BE54-9A1E7A4F7556}") = "Methods", "Methods\Methods.csproj", "{2A2996D9-12CA-4ACE-9434-FC2BA2BD3750}"
EndProject
Project("{9A19103F-16F7-4668-BE54-9A1E7A4F7556}") = "ExceptionHlandler", "ExceptionHlandler\ExceptionHlandler.csproj", "{2D9780D6-9A61-4EA1-BB5A-DCED59CAF4F5}"
EndProject
Project("{9A19103F-16F7-4668-BE54-9A1E7A4F7556}") = "Operators", "Operators\Operators.csproj", "{A32E68CE-3C71-45EE-A778-0D0CC5695799}"
EndProject
Project("{9A19103F-16F7-4668-BE54-9A1E7A4F7556}") = "SwitchCaseStructure", "SwitchCaseStructure\SwitchCaseStructure.csproj", "{85608F49-AC8B-4DC8-AEAC-8B7565252B3C}"
EndProject
Project("{9A19103F-16F7-4668-BE54-9A1E7A4F7556}") = "Loop", "Loop\Loop.csproj", "{DFFB3C0D-CFBF-416A-9FBF-6BC6E2FB4452}"
EndProject
Project("{9A19103F-16F7-4668-BE54-9A1E7A4F7556}") = "Baitapchuong2", "Baitapchuong2\Baitapchuong2.csproj", "{1C6EEAFF-58A5-4E95-BAF5-D5077F68A77D}"
EndProject
Project("{9A19103F-16F7-4668-BE54-9A1E7A4F7556}") = "Bai5", "Bai5\Bai5.csproj", "{5A532681-9587-41FE-AB64-3ABDC8C8ACD2}"
EndProject
Project("{9A19103F-16F7-4668-BE54-9A1E7A4F7556}") = "OOP", "OOP\OOP.csproj", "{733EDB70-909D-48F2-90E6-1763F6C8BD98}"
EndProject
Project("{9A19103F-16F7-4668-BE54-9A1E7A4F7556}") = "Array", "Array\Array.csproj", "{3980C2F9-611F-4A96-A098-C52B98082F8C}"
EndProject
Project("{9A19103F-16F7-4668-BE54-9A1E7A4F7556}") = "PhamViTruyCap", "PhamViTruyCap\PhamViTruyCap.csproj", "{A31AA224-7285-4EC1-8C0B-88CF584EA5B1}"
EndProject
Project("{FAE04EC0-301F-11D3-BF4B-00C04F79EFBC}") = "Static", "Static\Static.csproj", "{80D5B55E-A0CC-4B59-BC53-9ACFF3B9F588}"
EndProject
Global
	GlobalSection(SolutionConfigurationPlatforms) = preSolution
		Debug|Any CPU = Debug|Any CPU
		Release|Any CPU = Release|Any CPU
	EndGlobalSection
	GlobalSection(ProjectConfigurationPlatforms) = postSolution
		{F662EAC4-829A-4B00-9ACC-1FEC2859266E}.Debug|Any CPU.ActiveCfg = Debug|Any CPU
		{F662EAC4-829A-4B00-9ACC-1FEC2859266E}.Debug|Any CPU.Build.0 = Debug|Any CPU
		{F662EAC4-829A-4B00-9ACC-1FEC2859266E}.Release|Any CPU.ActiveCfg = Release|Any CPU
		{F662EAC4-829A-4B00-9ACC-1FEC2859266E}.Release|Any CPU.Build.0 = Release|Any CPU
		{2A2996D9-12CA-4ACE-9434-FC2BA2BD3750}.Debug|Any CPU.ActiveCfg = Debug|Any CPU
		{2A2996D9-12CA-4ACE-9434-FC2BA2BD3750}.Debug|Any CPU.Build.0 = Debug|Any CPU
		{2A2996D9-12CA-4ACE-9434-FC2BA2BD3750}.Release|Any CPU.ActiveCfg = Release|Any CPU
		{2A2996D9-12CA-4ACE-9434-FC2BA2BD3750}.Release|Any CPU.Build.0 = Release|Any CPU
		{2D9780D6-9A61-4EA1-BB5A-DCED59CAF4F5}.Debug|Any CPU.ActiveCfg = Debug|Any CPU
		{2D9780D6-9A61-4EA1-BB5A-DCED59CAF4F5}.Debug|Any CPU.Build.0 = Debug|Any CPU
		{2D9780D6-9A61-4EA1-BB5A-DCED59CAF4F5}.Release|Any CPU.ActiveCfg = Release|Any CPU
		{2D9780D6-9A61-4EA1-BB5A-DCED59CAF4F5}.Release|Any CPU.Build.0 = Release|Any CPU
		{A32E68CE-3C71-45EE-A778-0D0CC5695799}.Debug|Any CPU.ActiveCfg = Debug|Any CPU
		{A32E68CE-3C71-45EE-A778-0D0CC5695799}.Debug|Any CPU.Build.0 = Debug|Any CPU
		{A32E68CE-3C71-45EE-A778-0D0CC5695799}.Release|Any CPU.ActiveCfg = Release|Any CPU
		{A32E68CE-3C71-45EE-A778-0D0CC5695799}.Release|Any CPU.Build.0 = Release|Any CPU
		{85608F49-AC8B-4DC8-AEAC-8B7565252B3C}.Debug|Any CPU.ActiveCfg = Debug|Any CPU
		{85608F49-AC8B-4DC8-AEAC-8B7565252B3C}.Debug|Any CPU.Build.0 = Debug|Any CPU
		{85608F49-AC8B-4DC8-AEAC-8B7565252B3C}.Release|Any CPU.ActiveCfg = Release|Any CPU
		{85608F49-AC8B-4DC8-AEAC-8B7565252B3C}.Release|Any CPU.Build.0 = Release|Any CPU
		{DFFB3C0D-CFBF-416A-9FBF-6BC6E2FB4452}.Debug|Any CPU.ActiveCfg = Debug|Any CPU
		{DFFB3C0D-CFBF-416A-9FBF-6BC6E2FB4452}.Debug|Any CPU.Build.0 = Debug|Any CPU
		{DFFB3C0D-CFBF-416A-9FBF-6BC6E2FB4452}.Release|Any CPU.ActiveCfg = Release|Any CPU
		{DFFB3C0D-CFBF-416A-9FBF-6BC6E2FB4452}.Release|Any CPU.Build.0 = Release|Any CPU
		{1C6EEAFF-58A5-4E95-BAF5-D5077F68A77D}.Debug|Any CPU.ActiveCfg = Debug|Any CPU
		{1C6EEAFF-58A5-4E95-BAF5-D5077F68A77D}.Debug|Any CPU.Build.0 = Debug|Any CPU
		{1C6EEAFF-58A5-4E95-BAF5-D5077F68A77D}.Release|Any CPU.ActiveCfg = Release|Any CPU
		{1C6EEAFF-58A5-4E95-BAF5-D5077F68A77D}.Release|Any CPU.Build.0 = Release|Any CPU
		{5A532681-9587-41FE-AB64-3ABDC8C8ACD2}.Debug|Any CPU.ActiveCfg = Debug|Any CPU
		{5A532681-9587-41FE-AB64-3ABDC8C8ACD2}.Debug|Any CPU.Build.0 = Debug|Any CPU
		{5A532681-9587-41FE-AB64-3ABDC8C8ACD2}.Release|Any CPU.ActiveCfg = Release|Any CPU
		{5A532681-9587-41FE-AB64-3ABDC8C8ACD2}.Release|Any CPU.Build.0 = Release|Any CPU
		{733EDB70-909D-48F2-90E6-1763F6C8BD98}.Debug|Any CPU.ActiveCfg = Debug|Any CPU
		{733EDB70-909D-48F2-90E6-1763F6C8BD98}.Debug|Any CPU.Build.0 = Debug|Any CPU
		{733EDB70-909D-48F2-90E6-1763F6C8BD98}.Release|Any CPU.ActiveCfg = Release|Any CPU
		{733EDB70-909D-48F2-90E6-1763F6C8BD98}.Release|Any CPU.Build.0 = Release|Any CPU
		{3980C2F9-611F-4A96-A098-C52B98082F8C}.Debug|Any CPU.ActiveCfg = Debug|Any CPU
		{3980C2F9-611F-4A96-A098-C52B98082F8C}.Debug|Any CPU.Build.0 = Debug|Any CPU
		{3980C2F9-611F-4A96-A098-C52B98082F8C}.Release|Any CPU.ActiveCfg = Release|Any CPU
		{3980C2F9-611F-4A96-A098-C52B98082F8C}.Release|Any CPU.Build.0 = Release|Any CPU
		{A31AA224-7285-4EC1-8C0B-88CF584EA5B1}.Debug|Any CPU.ActiveCfg = Debug|Any CPU
		{A31AA224-7285-4EC1-8C0B-88CF584EA5B1}.Debug|Any CPU.Build.0 = Debug|Any CPU
		{A31AA224-7285-4EC1-8C0B-88CF584EA5B1}.Release|Any CPU.ActiveCfg = Release|Any CPU
		{A31AA224-7285-4EC1-8C0B-88CF584EA5B1}.Release|Any CPU.Build.0 = Release|Any CPU
		{80D5B55E-A0CC-4B59-BC53-9ACFF3B9F588}.Debug|Any CPU.ActiveCfg = Debug|Any CPU
		{80D5B55E-A0CC-4B59-BC53-9ACFF3B9F588}.Debug|Any CPU.Build.0 = Debug|Any CPU
		{80D5B55E-A0CC-4B59-BC53-9ACFF3B9F588}.Release|Any CPU.ActiveCfg = Release|Any CPU
		{80D5B55E-A0CC-4B59-BC53-9ACFF3B9F588}.Release|Any CPU.Build.0 = Release|Any CPU
	EndGlobalSection
	GlobalSection(SolutionProperties) = preSolution
		HideSolutionNode = FALSE
	EndGlobalSection
	GlobalSection(ExtensibilityGlobals) = postSolution
		SolutionGuid = {207D0A50-B354-40C8-98B5-F4BF34B9183C}
	EndGlobalSection
EndGlobal
